// !$*UTF8*$!
{
	archiveVersion = 1;
	classes = {
	};
	objectVersion = 52;
	objects = {

/* Begin PBXBuildFile section */
		23B3E12A26DF6D3100B06587 /* AppDelegate.swift in Sources */ = {isa = PBXBuildFile; fileRef = 23B3E12926DF6D3100B06587 /* AppDelegate.swift */; };
		23B3E12C26DF6D3200B06587 /* Assets.xcassets in Resources */ = {isa = PBXBuildFile; fileRef = 23B3E12B26DF6D3200B06587 /* Assets.xcassets */; };
		23B3E12F26DF6D3200B06587 /* MainMenu.xib in Resources */ = {isa = PBXBuildFile; fileRef = 23B3E12D26DF6D3200B06587 /* MainMenu.xib */; };
		23B3E13A26DF6D4300B06587 /* DSFPasscodeView in Frameworks */ = {isa = PBXBuildFile; productRef = 23B3E13926DF6D4300B06587 /* DSFPasscodeView */; };
/* End PBXBuildFile section */

/* Begin PBXFileReference section */
		23B3E12626DF6D3100B06587 /* Simple DSFPasscodeView Demo.app */ = {isa = PBXFileReference; explicitFileType = wrapper.application; includeInIndex = 0; path = "Simple DSFPasscodeView Demo.app"; sourceTree = BUILT_PRODUCTS_DIR; };
		23B3E12926DF6D3100B06587 /* AppDelegate.swift */ = {isa = PBXFileReference; lastKnownFileType = sourcecode.swift; path = AppDelegate.swift; sourceTree = "<group>"; };
		23B3E12B26DF6D3200B06587 /* Assets.xcassets */ = {isa = PBXFileReference; lastKnownFileType = folder.assetcatalog; path = Assets.xcassets; sourceTree = "<group>"; };
		23B3E12E26DF6D3200B06587 /* Base */ = {isa = PBXFileReference; lastKnownFileType = file.xib; name = Base; path = Base.lproj/MainMenu.xib; sourceTree = "<group>"; };
		23B3E13026DF6D3200B06587 /* Info.plist */ = {isa = PBXFileReference; lastKnownFileType = text.plist.xml; path = Info.plist; sourceTree = "<group>"; };
		23B3E13126DF6D3200B06587 /* Simple_DSFPasscodeView_Demo.entitlements */ = {isa = PBXFileReference; lastKnownFileType = text.plist.entitlements; path = Simple_DSFPasscodeView_Demo.entitlements; sourceTree = "<group>"; };
		23B3E13726DF6D3E00B06587 /* DSFPasscodeView */ = {isa = PBXFileReference; lastKnownFileType = folder; name = DSFPasscodeView; path = ../..; sourceTree = "<group>"; };
/* End PBXFileReference section */

/* Begin PBXFrameworksBuildPhase section */
		23B3E12326DF6D3100B06587 /* Frameworks */ = {
			isa = PBXFrameworksBuildPhase;
			buildActionMask = 2147483647;
			files = (
				23B3E13A26DF6D4300B06587 /* DSFPasscodeView in Frameworks */,
			);
			runOnlyForDeploymentPostprocessing = 0;
		};
/* End PBXFrameworksBuildPhase section */

/* Begin PBXGroup section */
		23B3E11D26DF6D3100B06587 = {
			isa = PBXGroup;
			children = (
				23B3E13726DF6D3E00B06587 /* DSFPasscodeView */,
				23B3E12826DF6D3100B06587 /* Simple DSFPasscodeView Demo */,
				23B3E12726DF6D3100B06587 /* Products */,
				23B3E13826DF6D4300B06587 /* Frameworks */,
			);
			sourceTree = "<group>";
		};
		23B3E12726DF6D3100B06587 /* Products */ = {
			isa = PBXGroup;
			children = (
				23B3E12626DF6D3100B06587 /* Simple DSFPasscodeView Demo.app */,
			);
			name = Products;
			sourceTree = "<group>";
		};
		23B3E12826DF6D3100B06587 /* Simple DSFPasscodeView Demo */ = {
			isa = PBXGroup;
			children = (
				23B3E12926DF6D3100B06587 /* AppDelegate.swift */,
				23B3E12B26DF6D3200B06587 /* Assets.xcassets */,
				23B3E12D26DF6D3200B06587 /* MainMenu.xib */,
				23B3E13026DF6D3200B06587 /* Info.plist */,
				23B3E13126DF6D3200B06587 /* Simple_DSFPasscodeView_Demo.entitlements */,
			);
			path = "Simple DSFPasscodeView Demo";
			sourceTree = "<group>";
		};
		23B3E13826DF6D4300B06587 /* Frameworks */ = {
			isa = PBXGroup;
			children = (
			);
			name = Frameworks;
			sourceTree = "<group>";
		};
/* End PBXGroup section */

/* Begin PBXNativeTarget section */
		23B3E12526DF6D3100B06587 /* Simple DSFPasscodeView Demo */ = {
			isa = PBXNativeTarget;
			buildConfigurationList = 23B3E13426DF6D3200B06587 /* Build configuration list for PBXNativeTarget "Simple DSFPasscodeView Demo" */;
			buildPhases = (
				23B3E12226DF6D3100B06587 /* Sources */,
				23B3E12326DF6D3100B06587 /* Frameworks */,
				23B3E12426DF6D3100B06587 /* Resources */,
			);
			buildRules = (
			);
			dependencies = (
			);
			name = "Simple DSFPasscodeView Demo";
			packageProductDependencies = (
				23B3E13926DF6D4300B06587 /* DSFPasscodeView */,
			);
			productName = "Simple DSFPasscodeView Demo";
			productReference = 23B3E12626DF6D3100B06587 /* Simple DSFPasscodeView Demo.app */;
			productType = "com.apple.product-type.application";
		};
/* End PBXNativeTarget section */

/* Begin PBXProject section */
		23B3E11E26DF6D3100B06587 /* Project object */ = {
			isa = PBXProject;
			attributes = {
				LastSwiftUpdateCheck = 1250;
				LastUpgradeCheck = 1250;
				TargetAttributes = {
					23B3E12526DF6D3100B06587 = {
						CreatedOnToolsVersion = 12.5.1;
					};
				};
			};
			buildConfigurationList = 23B3E12126DF6D3100B06587 /* Build configuration list for PBXProject "Simple DSFPasscodeView Demo" */;
			compatibilityVersion = "Xcode 9.3";
			developmentRegion = en;
			hasScannedForEncodings = 0;
			knownRegions = (
				en,
				Base,
			);
			mainGroup = 23B3E11D26DF6D3100B06587;
			productRefGroup = 23B3E12726DF6D3100B06587 /* Products */;
			projectDirPath = "";
			projectRoot = "";
			targets = (
				23B3E12526DF6D3100B06587 /* Simple DSFPasscodeView Demo */,
			);
		};
/* End PBXProject section */

/* Begin PBXResourcesBuildPhase section */
		23B3E12426DF6D3100B06587 /* Resources */ = {
			isa = PBXResourcesBuildPhase;
			buildActionMask = 2147483647;
			files = (
				23B3E12C26DF6D3200B06587 /* Assets.xcassets in Resources */,
				23B3E12F26DF6D3200B06587 /* MainMenu.xib in Resources */,
			);
			runOnlyForDeploymentPostprocessing = 0;
		};
/* End PBXResourcesBuildPhase section */

/* Begin PBXSourcesBuildPhase section */
		23B3E12226DF6D3100B06587 /* Sources */ = {
			isa = PBXSourcesBuildPhase;
			buildActionMask = 2147483647;
			files = (
				23B3E12A26DF6D3100B06587 /* AppDelegate.swift in Sources */,
			);
			runOnlyForDeploymentPostprocessing = 0;
		};
/* End PBXSourcesBuildPhase section */

/* Begin PBXVariantGroup section */
		23B3E12D26DF6D3200B06587 /* MainMenu.xib */ = {
			isa = PBXVariantGroup;
			children = (
				23B3E12E26DF6D3200B06587 /* Base */,
			);
			name = MainMenu.xib;
			sourceTree = "<group>";
		};
/* End PBXVariantGroup section */

/* Begin XCBuildConfiguration section */
		23B3E13226DF6D3200B06587 /* Debug */ = {
			isa = XCBuildConfiguration;
			buildSettings = {
				ALWAYS_SEARCH_USER_PATHS = NO;
				CLANG_ANALYZER_NONNULL = YES;
				CLANG_ANALYZER_NUMBER_OBJECT_CONVERSION = YES_AGGRESSIVE;
				CLANG_CXX_LANGUAGE_STANDARD = "gnu++14";
				CLANG_CXX_LIBRARY = "libc++";
				CLANG_ENABLE_MODULES = YES;
				CLANG_ENABLE_OBJC_ARC = YES;
				CLANG_ENABLE_OBJC_WEAK = YES;
				CLANG_WARN_BLOCK_CAPTURE_AUTORELEASING = YES;
				CLANG_WARN_BOOL_CONVERSION = YES;
				CLANG_WARN_COMMA = YES;
				CLANG_WARN_CONSTANT_CONVERSION = YES;
				CLANG_WARN_DEPRECATED_OBJC_IMPLEMENTATIONS = YES;
				CLANG_WARN_DIRECT_OBJC_ISA_USAGE = YES_ERROR;
				CLANG_WARN_DOCUMENTATION_COMMENTS = YES;
				CLANG_WARN_EMPTY_BODY = YES;
				CLANG_WARN_ENUM_CONVERSION = YES;
				CLANG_WARN_INFINITE_RECURSION = YES;
				CLANG_WARN_INT_CONVERSION = YES;
				CLANG_WARN_NON_LITERAL_NULL_CONVERSION = YES;
				CLANG_WARN_OBJC_IMPLICIT_RETAIN_SELF = YES;
				CLANG_WARN_OBJC_LITERAL_CONVERSION = YES;
				CLANG_WARN_OBJC_ROOT_CLASS = YES_ERROR;
				CLANG_WARN_QUOTED_INCLUDE_IN_FRAMEWORK_HEADER = YES;
				CLANG_WARN_RANGE_LOOP_ANALYSIS = YES;
				CLANG_WARN_STRICT_PROTOTYPES = YES;
				CLANG_WARN_SUSPICIOUS_MOVE = YES;
				CLANG_WARN_UNGUARDED_AVAILABILITY = YES_AGGRESSIVE;
				CLANG_WARN_UNREACHABLE_CODE = YES;
				CLANG_WARN__DUPLICATE_METHOD_MATCH = YES;
				COPY_PHASE_STRIP = NO;
				DEBUG_INFORMATION_FORMAT = dwarf;
				ENABLE_STRICT_OBJC_MSGSEND = YES;
				ENABLE_TESTABILITY = YES;
				GCC_C_LANGUAGE_STANDARD = gnu11;
				GCC_DYNAMIC_NO_PIC = NO;
				GCC_NO_COMMON_BLOCKS = YES;
				GCC_OPTIMIZATION_LEVEL = 0;
				GCC_PREPROCESSOR_DEFINITIONS = (
					"DEBUG=1",
					"$(inherited)",
				);
				GCC_WARN_64_TO_32_BIT_CONVERSION = YES;
				GCC_WARN_ABOUT_RETURN_TYPE = YES_ERROR;
				GCC_WARN_UNDECLARED_SELECTOR = YES;
				GCC_WARN_UNINITIALIZED_AUTOS = YES_AGGRESSIVE;
				GCC_WARN_UNUSED_FUNCTION = YES;
				GCC_WARN_UNUSED_VARIABLE = YES;
				MACOSX_DEPLOYMENT_TARGET = 11.5;
				MTL_ENABLE_DEBUG_INFO = INCLUDE_SOURCE;
				MTL_FAST_MATH = YES;
				ONLY_ACTIVE_ARCH = YES;
				SDKROOT = macosx;
				SWIFT_ACTIVE_COMPILATION_CONDITIONS = DEBUG;
				SWIFT_OPTIMIZATION_LEVEL = "-Onone";
			};
			name = Debug;
		};
		23B3E13326DF6D3200B06587 /* Release */ = {
			isa = XCBuildConfiguration;
			buildSettings = {
				ALWAYS_SEARCH_USER_PATHS = NO;
				CLANG_ANALYZER_NONNULL = YES;
				CLANG_ANALYZER_NUMBER_OBJECT_CONVERSION = YES_AGGRESSIVE;
				CLANG_CXX_LANGUAGE_STANDARD = "gnu++14";
				CLANG_CXX_LIBRARY = "libc++";
				CLANG_ENABLE_MODULES = YES;
				CLANG_ENABLE_OBJC_ARC = YES;
				CLANG_ENABLE_OBJC_WEAK = YES;
				CLANG_WARN_BLOCK_CAPTURE_AUTORELEASING = YES;
				CLANG_WARN_BOOL_CONVERSION = YES;
				CLANG_WARN_COMMA = YES;
				CLANG_WARN_CONSTANT_CONVERSION = YES;
				CLANG_WARN_DEPRECATED_OBJC_IMPLEMENTATIONS = YES;
				CLANG_WARN_DIRECT_OBJC_ISA_USAGE = YES_ERROR;
				CLANG_WARN_DOCUMENTATION_COMMENTS = YES;
				CLANG_WARN_EMPTY_BODY = YES;
				CLANG_WARN_ENUM_CONVERSION = YES;
				CLANG_WARN_INFINITE_RECURSION = YES;
				CLANG_WARN_INT_CONVERSION = YES;
				CLANG_WARN_NON_LITERAL_NULL_CONVERSION = YES;
				CLANG_WARN_OBJC_IMPLICIT_RETAIN_SELF = YES;
				CLANG_WARN_OBJC_LITERAL_CONVERSION = YES;
				CLANG_WARN_OBJC_ROOT_CLASS = YES_ERROR;
				CLANG_WARN_QUOTED_INCLUDE_IN_FRAMEWORK_HEADER = YES;
				CLANG_WARN_RANGE_LOOP_ANALYSIS = YES;
				CLANG_WARN_STRICT_PROTOTYPES = YES;
				CLANG_WARN_SUSPICIOUS_MOVE = YES;
				CLANG_WARN_UNGUARDED_AVAILABILITY = YES_AGGRESSIVE;
				CLANG_WARN_UNREACHABLE_CODE = YES;
				CLANG_WARN__DUPLICATE_METHOD_MATCH = YES;
				COPY_PHASE_STRIP = NO;
				DEBUG_INFORMATION_FORMAT = "dwarf-with-dsym";
				ENABLE_NS_ASSERTIONS = NO;
				ENABLE_STRICT_OBJC_MSGSEND = YES;
				GCC_C_LANGUAGE_STANDARD = gnu11;
				GCC_NO_COMMON_BLOCKS = YES;
				GCC_WARN_64_TO_32_BIT_CONVERSION = YES;
				GCC_WARN_ABOUT_RETURN_TYPE = YES_ERROR;
				GCC_WARN_UNDECLARED_SELECTOR = YES;
				GCC_WARN_UNINITIALIZED_AUTOS = YES_AGGRESSIVE;
				GCC_WARN_UNUSED_FUNCTION = YES;
				GCC_WARN_UNUSED_VARIABLE = YES;
				MACOSX_DEPLOYMENT_TARGET = 11.5;
				MTL_ENABLE_DEBUG_INFO = NO;
				MTL_FAST_MATH = YES;
				SDKROOT = macosx;
				SWIFT_COMPILATION_MODE = wholemodule;
				SWIFT_OPTIMIZATION_LEVEL = "-O";
			};
			name = Release;
		};
		23B3E13526DF6D3200B06587 /* Debug */ = {
			isa = XCBuildConfiguration;
			buildSettings = {
				ASSETCATALOG_COMPILER_APPICON_NAME = AppIcon;
				ASSETCATALOG_COMPILER_GLOBAL_ACCENT_COLOR_NAME = AccentColor;
				CODE_SIGN_ENTITLEMENTS = "Simple DSFPasscodeView Demo/Simple_DSFPasscodeView_Demo.entitlements";
				CODE_SIGN_STYLE = Automatic;
				COMBINE_HIDPI_IMAGES = YES;
				DEVELOPMENT_TEAM = 3L6RK3LGGW;
				ENABLE_HARDENED_RUNTIME = YES;
				INFOPLIST_FILE = "Simple DSFPasscodeView Demo/Info.plist";
				LD_RUNPATH_SEARCH_PATHS = (
					"$(inherited)",
					"@executable_path/../Frameworks",
				);
				MACOSX_DEPLOYMENT_TARGET = 11.0;
				PRODUCT_BUNDLE_IDENTIFIER = "com.dagronf.dsfpasscode.Simple-DSFPasscodeView-Demo";
				PRODUCT_NAME = "$(TARGET_NAME)";
				SWIFT_VERSION = 5.0;
			};
			name = Debug;
		};
		23B3E13626DF6D3200B06587 /* Release */ = {
			isa = XCBuildConfiguration;
			buildSettings = {
				ASSETCATALOG_COMPILER_APPICON_NAME = AppIcon;
				ASSETCATALOG_COMPILER_GLOBAL_ACCENT_COLOR_NAME = AccentColor;
				CODE_SIGN_ENTITLEMENTS = "Simple DSFPasscodeView Demo/Simple_DSFPasscodeView_Demo.entitlements";
				CODE_SIGN_STYLE = Automatic;
				COMBINE_HIDPI_IMAGES = YES;
				DEVELOPMENT_TEAM = 3L6RK3LGGW;
				ENABLE_HARDENED_RUNTIME = YES;
				INFOPLIST_FILE = "Simple DSFPasscodeView Demo/Info.plist";
				LD_RUNPATH_SEARCH_PATHS = (
					"$(inherited)",
					"@executable_path/../Frameworks",
				);
				MACOSX_DEPLOYMENT_TARGET = 11.0;
				PRODUCT_BUNDLE_IDENTIFIER = "com.dagronf.dsfpasscode.Simple-DSFPasscodeView-Demo";
				PRODUCT_NAME = "$(TARGET_NAME)";
				SWIFT_VERSION = 5.0;
			};
			name = Release;
		};
/* End XCBuildConfiguration section */

/* Begin XCConfigurationList section */
		23B3E12126DF6D3100B06587 /* Build configuration list for PBXProject "Simple DSFPasscodeView Demo" */ = {
			isa = XCConfigurationList;
			buildConfigurations = (
				23B3E13226DF6D3200B06587 /* Debug */,
				23B3E13326DF6D3200B06587 /* Release */,
			);
			defaultConfigurationIsVisible = 0;
			defaultConfigurationName = Release;
		};
		23B3E13426DF6D3200B06587 /* Build configuration list for PBXNativeTarget "Simple DSFPasscodeView Demo" */ = {
			isa = XCConfigurationList;
			buildConfigurations = (
				23B3E13526DF6D3200B06587 /* Debug */,
				23B3E13626DF6D3200B06587 /* Release */,
			);
			defaultConfigurationIsVisible = 0;
			defaultConfigurationName = Release;
		};
/* End XCConfigurationList section */

/* Begin XCSwiftPackageProductDependency section */
		23B3E13926DF6D4300B06587 /* DSFPasscodeView */ = {
			isa = XCSwiftPackageProductDependency;
			productName = DSFPasscodeView;
		};
/* End XCSwiftPackageProductDependency section */
	};
	rootObject = 23B3E11E26DF6D3100B06587 /* Project object */;
}
